
Microsoft Visual Studio Solution File, Format Version 12.00
# Visual Studio Version 16
VisualStudioVersion = 16.0.32106.194
MinimumVisualStudioVersion = 10.0.40219.1
Project("{FAE04EC0-301F-11D3-BF4B-00C04F79EFBC}") = "lab5-2", "lab5-2\lab5-2.csproj", "{F35E3C20-B80E-4A83-AD95-DEA0D8CC5B3B}"
EndProject
Global
	GlobalSection(SolutionConfigurationPlatforms) = preSolution
		Debug|Any CPU = Debug|Any CPU
		Release|Any CPU = Release|Any CPU
	EndGlobalSection
	GlobalSection(ProjectConfigurationPlatforms) = postSolution
		{F35E3C20-B80E-4A83-AD95-DEA0D8CC5B3B}.Debug|Any CPU.ActiveCfg = Debug|Any CPU
		{F35E3C20-B80E-4A83-AD95-DEA0D8CC5B3B}.Debug|Any CPU.Build.0 = Debug|Any CPU
		{F35E3C20-B80E-4A83-AD95-DEA0D8CC5B3B}.Release|Any CPU.ActiveCfg = Release|Any CPU
		{F35E3C20-B80E-4A83-AD95-DEA0D8CC5B3B}.Release|Any CPU.Build.0 = Release|Any CPU
	EndGlobalSection
	GlobalSection(SolutionProperties) = preSolution
		HideSolutionNode = FALSE
	EndGlobalSection
	GlobalSection(ExtensibilityGlobals) = postSolution
		SolutionGuid = {0DB8CC61-BBDC-42D3-A0A6-C0D47CD52546}
	EndGlobalSection
EndGlobal
