
Microsoft Visual Studio Solution File, Format Version 12.00
# Visual Studio Version 17
VisualStudioVersion = 17.1.32421.90
MinimumVisualStudioVersion = 10.0.40219.1
Project("{FAE04EC0-301F-11D3-BF4B-00C04F79EFBC}") = "dictionaries,lab11-12", "dictionaries,lab11-12\dictionaries,lab11-12.csproj", "{D8B1D755-77EA-423C-BB70-AC1B88DA1DBF}"
EndProject
Global
	GlobalSection(SolutionConfigurationPlatforms) = preSolution
		Debug|Any CPU = Debug|Any CPU
		Release|Any CPU = Release|Any CPU
	EndGlobalSection
	GlobalSection(ProjectConfigurationPlatforms) = postSolution
		{D8B1D755-77EA-423C-BB70-AC1B88DA1DBF}.Debug|Any CPU.ActiveCfg = Debug|Any CPU
		{D8B1D755-77EA-423C-BB70-AC1B88DA1DBF}.Debug|Any CPU.Build.0 = Debug|Any CPU
		{D8B1D755-77EA-423C-BB70-AC1B88DA1DBF}.Release|Any CPU.ActiveCfg = Release|Any CPU
		{D8B1D755-77EA-423C-BB70-AC1B88DA1DBF}.Release|Any CPU.Build.0 = Release|Any CPU
	EndGlobalSection
	GlobalSection(SolutionProperties) = preSolution
		HideSolutionNode = FALSE
	EndGlobalSection
	GlobalSection(ExtensibilityGlobals) = postSolution
		SolutionGuid = {498581BA-7D1E-4E78-8864-82B92D7BE043}
	EndGlobalSection
EndGlobal
