
Microsoft Visual Studio Solution File, Format Version 12.00
# Visual Studio Version 16
VisualStudioVersion = 16.0.32106.194
MinimumVisualStudioVersion = 10.0.40219.1
Project("{FAE04EC0-301F-11D3-BF4B-00C04F79EFBC}") = "musatov-lab9", "musatov-lab9\musatov-lab9.csproj", "{F2D681E9-00F6-43DE-B635-50292378A389}"
EndProject
Global
	GlobalSection(SolutionConfigurationPlatforms) = preSolution
		Debug|Any CPU = Debug|Any CPU
		Release|Any CPU = Release|Any CPU
	EndGlobalSection
	GlobalSection(ProjectConfigurationPlatforms) = postSolution
		{F2D681E9-00F6-43DE-B635-50292378A389}.Debug|Any CPU.ActiveCfg = Debug|Any CPU
		{F2D681E9-00F6-43DE-B635-50292378A389}.Debug|Any CPU.Build.0 = Debug|Any CPU
		{F2D681E9-00F6-43DE-B635-50292378A389}.Release|Any CPU.ActiveCfg = Release|Any CPU
		{F2D681E9-00F6-43DE-B635-50292378A389}.Release|Any CPU.Build.0 = Release|Any CPU
	EndGlobalSection
	GlobalSection(SolutionProperties) = preSolution
		HideSolutionNode = FALSE
	EndGlobalSection
	GlobalSection(ExtensibilityGlobals) = postSolution
		SolutionGuid = {AD424E78-5AE9-43E1-84CB-AF9CE6AE118B}
	EndGlobalSection
EndGlobal
