
Microsoft Visual Studio Solution File, Format Version 12.00
# Visual Studio Version 16
VisualStudioVersion = 16.0.32106.194
MinimumVisualStudioVersion = 10.0.40219.1
Project("{FAE04EC0-301F-11D3-BF4B-00C04F79EFBC}") = "lab6-18", "lab6-18\lab6-18.csproj", "{A443D7E0-DD48-4471-A26B-2EE1ADCF9928}"
EndProject
Global
	GlobalSection(SolutionConfigurationPlatforms) = preSolution
		Debug|Any CPU = Debug|Any CPU
		Release|Any CPU = Release|Any CPU
	EndGlobalSection
	GlobalSection(ProjectConfigurationPlatforms) = postSolution
		{A443D7E0-DD48-4471-A26B-2EE1ADCF9928}.Debug|Any CPU.ActiveCfg = Debug|Any CPU
		{A443D7E0-DD48-4471-A26B-2EE1ADCF9928}.Debug|Any CPU.Build.0 = Debug|Any CPU
		{A443D7E0-DD48-4471-A26B-2EE1ADCF9928}.Release|Any CPU.ActiveCfg = Release|Any CPU
		{A443D7E0-DD48-4471-A26B-2EE1ADCF9928}.Release|Any CPU.Build.0 = Release|Any CPU
	EndGlobalSection
	GlobalSection(SolutionProperties) = preSolution
		HideSolutionNode = FALSE
	EndGlobalSection
	GlobalSection(ExtensibilityGlobals) = postSolution
		SolutionGuid = {3A15D635-C5CB-405C-9292-DDBE51BE06C9}
	EndGlobalSection
EndGlobal
