
Microsoft Visual Studio Solution File, Format Version 12.00
# Visual Studio Version 16
VisualStudioVersion = 16.0.32106.194
MinimumVisualStudioVersion = 10.0.40219.1
Project("{FAE04EC0-301F-11D3-BF4B-00C04F79EFBC}") = "dequeCLASS", "dequeCLASS\dequeCLASS.csproj", "{0AA5D7D0-9D51-4F97-9580-22D4C388B890}"
EndProject
Global
	GlobalSection(SolutionConfigurationPlatforms) = preSolution
		Debug|Any CPU = Debug|Any CPU
		Release|Any CPU = Release|Any CPU
	EndGlobalSection
	GlobalSection(ProjectConfigurationPlatforms) = postSolution
		{0AA5D7D0-9D51-4F97-9580-22D4C388B890}.Debug|Any CPU.ActiveCfg = Debug|Any CPU
		{0AA5D7D0-9D51-4F97-9580-22D4C388B890}.Debug|Any CPU.Build.0 = Debug|Any CPU
		{0AA5D7D0-9D51-4F97-9580-22D4C388B890}.Release|Any CPU.ActiveCfg = Release|Any CPU
		{0AA5D7D0-9D51-4F97-9580-22D4C388B890}.Release|Any CPU.Build.0 = Release|Any CPU
	EndGlobalSection
	GlobalSection(SolutionProperties) = preSolution
		HideSolutionNode = FALSE
	EndGlobalSection
	GlobalSection(ExtensibilityGlobals) = postSolution
		SolutionGuid = {451E8406-4354-4D86-860A-4EDCCF15B0B8}
	EndGlobalSection
EndGlobal
