
Microsoft Visual Studio Solution File, Format Version 12.00
# Visual Studio Version 16
VisualStudioVersion = 16.0.31624.102
MinimumVisualStudioVersion = 10.0.40219.1
Project("{FAE04EC0-301F-11D3-BF4B-00C04F79EFBC}") = "lab10_1", "lab10_1\lab10_1.csproj", "{0DAE7F14-4FF9-45B1-9566-4C7E72A48553}"
EndProject
Global
	GlobalSection(SolutionConfigurationPlatforms) = preSolution
		Debug|Any CPU = Debug|Any CPU
		Release|Any CPU = Release|Any CPU
	EndGlobalSection
	GlobalSection(ProjectConfigurationPlatforms) = postSolution
		{0DAE7F14-4FF9-45B1-9566-4C7E72A48553}.Debug|Any CPU.ActiveCfg = Debug|Any CPU
		{0DAE7F14-4FF9-45B1-9566-4C7E72A48553}.Debug|Any CPU.Build.0 = Debug|Any CPU
		{0DAE7F14-4FF9-45B1-9566-4C7E72A48553}.Release|Any CPU.ActiveCfg = Release|Any CPU
		{0DAE7F14-4FF9-45B1-9566-4C7E72A48553}.Release|Any CPU.Build.0 = Release|Any CPU
	EndGlobalSection
	GlobalSection(SolutionProperties) = preSolution
		HideSolutionNode = FALSE
	EndGlobalSection
	GlobalSection(ExtensibilityGlobals) = postSolution
		SolutionGuid = {155EC473-4E09-4DBB-A417-35F6E61EC213}
	EndGlobalSection
EndGlobal
