
Microsoft Visual Studio Solution File, Format Version 12.00
# Visual Studio Version 16
VisualStudioVersion = 16.0.30711.63
MinimumVisualStudioVersion = 10.0.40219.1
Project("{FAE04EC0-301F-11D3-BF4B-00C04F79EFBC}") = "musatov_lab6_19", "musatov_lab6_19\musatov_lab6_19.csproj", "{EDDED0E4-C1CD-4D60-9181-4DCCDCE09E64}"
EndProject
Global
	GlobalSection(SolutionConfigurationPlatforms) = preSolution
		Debug|Any CPU = Debug|Any CPU
		Release|Any CPU = Release|Any CPU
	EndGlobalSection
	GlobalSection(ProjectConfigurationPlatforms) = postSolution
		{EDDED0E4-C1CD-4D60-9181-4DCCDCE09E64}.Debug|Any CPU.ActiveCfg = Debug|Any CPU
		{EDDED0E4-C1CD-4D60-9181-4DCCDCE09E64}.Debug|Any CPU.Build.0 = Debug|Any CPU
		{EDDED0E4-C1CD-4D60-9181-4DCCDCE09E64}.Release|Any CPU.ActiveCfg = Release|Any CPU
		{EDDED0E4-C1CD-4D60-9181-4DCCDCE09E64}.Release|Any CPU.Build.0 = Release|Any CPU
	EndGlobalSection
	GlobalSection(SolutionProperties) = preSolution
		HideSolutionNode = FALSE
	EndGlobalSection
	GlobalSection(ExtensibilityGlobals) = postSolution
		SolutionGuid = {77D98796-8347-4096-A20A-9422E7EA8972}
	EndGlobalSection
EndGlobal
