
Microsoft Visual Studio Solution File, Format Version 12.00
# Visual Studio Version 16
VisualStudioVersion = 16.0.32106.194
MinimumVisualStudioVersion = 10.0.40219.1
Project("{FAE04EC0-301F-11D3-BF4B-00C04F79EFBC}") = "SinglyLinkedListClass", "SinglyLinkedList\SinglyLinkedListClass.csproj", "{DF56A42C-DB54-4101-A2C2-59F510CD30AA}"
EndProject
Global
	GlobalSection(SolutionConfigurationPlatforms) = preSolution
		Debug|Any CPU = Debug|Any CPU
		Release|Any CPU = Release|Any CPU
	EndGlobalSection
	GlobalSection(ProjectConfigurationPlatforms) = postSolution
		{DF56A42C-DB54-4101-A2C2-59F510CD30AA}.Debug|Any CPU.ActiveCfg = Debug|Any CPU
		{DF56A42C-DB54-4101-A2C2-59F510CD30AA}.Debug|Any CPU.Build.0 = Debug|Any CPU
		{DF56A42C-DB54-4101-A2C2-59F510CD30AA}.Release|Any CPU.ActiveCfg = Release|Any CPU
		{DF56A42C-DB54-4101-A2C2-59F510CD30AA}.Release|Any CPU.Build.0 = Release|Any CPU
	EndGlobalSection
	GlobalSection(SolutionProperties) = preSolution
		HideSolutionNode = FALSE
	EndGlobalSection
	GlobalSection(ExtensibilityGlobals) = postSolution
		SolutionGuid = {6FEB36D7-256F-4A3B-B239-9D333EDF5A27}
	EndGlobalSection
EndGlobal
