
Microsoft Visual Studio Solution File, Format Version 12.00
# Visual Studio Version 16
VisualStudioVersion = 16.0.32106.194
MinimumVisualStudioVersion = 10.0.40219.1
Project("{FAE04EC0-301F-11D3-BF4B-00C04F79EFBC}") = "11-1", "11-1\11-1.csproj", "{14FBC6E0-80DF-4419-A708-F6D26B473928}"
EndProject
Global
	GlobalSection(SolutionConfigurationPlatforms) = preSolution
		Debug|Any CPU = Debug|Any CPU
		Release|Any CPU = Release|Any CPU
	EndGlobalSection
	GlobalSection(ProjectConfigurationPlatforms) = postSolution
		{14FBC6E0-80DF-4419-A708-F6D26B473928}.Debug|Any CPU.ActiveCfg = Debug|Any CPU
		{14FBC6E0-80DF-4419-A708-F6D26B473928}.Debug|Any CPU.Build.0 = Debug|Any CPU
		{14FBC6E0-80DF-4419-A708-F6D26B473928}.Release|Any CPU.ActiveCfg = Release|Any CPU
		{14FBC6E0-80DF-4419-A708-F6D26B473928}.Release|Any CPU.Build.0 = Release|Any CPU
	EndGlobalSection
	GlobalSection(SolutionProperties) = preSolution
		HideSolutionNode = FALSE
	EndGlobalSection
	GlobalSection(ExtensibilityGlobals) = postSolution
		SolutionGuid = {DDC164C6-2A6E-44C8-BC58-30DD90E4F291}
	EndGlobalSection
EndGlobal
