
Microsoft Visual Studio Solution File, Format Version 12.00
# Visual Studio Version 16
VisualStudioVersion = 16.0.31624.102
MinimumVisualStudioVersion = 10.0.40219.1
Project("{FAE04EC0-301F-11D3-BF4B-00C04F79EFBC}") = "kr 2 zad 11 lab", "kr 2 zad 11 lab\kr 2 zad 11 lab.csproj", "{8DB5C6D1-4CF1-4270-8535-761F86826951}"
EndProject
Global
	GlobalSection(SolutionConfigurationPlatforms) = preSolution
		Debug|Any CPU = Debug|Any CPU
		Release|Any CPU = Release|Any CPU
	EndGlobalSection
	GlobalSection(ProjectConfigurationPlatforms) = postSolution
		{8DB5C6D1-4CF1-4270-8535-761F86826951}.Debug|Any CPU.ActiveCfg = Debug|Any CPU
		{8DB5C6D1-4CF1-4270-8535-761F86826951}.Debug|Any CPU.Build.0 = Debug|Any CPU
		{8DB5C6D1-4CF1-4270-8535-761F86826951}.Release|Any CPU.ActiveCfg = Release|Any CPU
		{8DB5C6D1-4CF1-4270-8535-761F86826951}.Release|Any CPU.Build.0 = Release|Any CPU
	EndGlobalSection
	GlobalSection(SolutionProperties) = preSolution
		HideSolutionNode = FALSE
	EndGlobalSection
	GlobalSection(ExtensibilityGlobals) = postSolution
		SolutionGuid = {103E9CCC-E841-4476-A604-F526E3AC54CC}
	EndGlobalSection
EndGlobal
