
Microsoft Visual Studio Solution File, Format Version 12.00
# Visual Studio Version 17
VisualStudioVersion = 17.1.32421.90
MinimumVisualStudioVersion = 10.0.40219.1
Project("{FAE04EC0-301F-11D3-BF4B-00C04F79EFBC}") = "Работа со StreamReader, StreamWriter и FileStream", "TextFiles\Работа со StreamReader, StreamWriter и FileStream.csproj", "{E193A393-6047-4FA4-877A-217487C2460A}"
EndProject
Project("{FAE04EC0-301F-11D3-BF4B-00C04F79EFBC}") = "Работа с бинарными файлами", "Работа с бинарными файлами\Работа с бинарными файлами.csproj", "{F1B711EB-4EC6-4253-A6C9-24221D707403}"
EndProject
Project("{FAE04EC0-301F-11D3-BF4B-00C04F79EFBC}") = "lab10-8", "lab10-8\lab10-8.csproj", "{75C8A1AF-7A7E-47CE-9264-CCB4BB05558B}"
EndProject
Project("{FAE04EC0-301F-11D3-BF4B-00C04F79EFBC}") = "дичь", "as\дичь.csproj", "{3E116CE8-906F-4D89-930D-7DAD024375EA}"
EndProject
Project("{FAE04EC0-301F-11D3-BF4B-00C04F79EFBC}") = "lab10-15", "lab10-15\lab10-15.csproj", "{1D9C8D94-A9ED-4DD5-8394-A577B0B0D868}"
EndProject
Project("{FAE04EC0-301F-11D3-BF4B-00C04F79EFBC}") = "lab10-10", "lab10-10\lab10-10.csproj", "{B708CFB4-E9E2-4609-BC9B-270D1A6A9601}"
EndProject
Global
	GlobalSection(SolutionConfigurationPlatforms) = preSolution
		Debug|Any CPU = Debug|Any CPU
		Release|Any CPU = Release|Any CPU
	EndGlobalSection
	GlobalSection(ProjectConfigurationPlatforms) = postSolution
		{E193A393-6047-4FA4-877A-217487C2460A}.Debug|Any CPU.ActiveCfg = Debug|Any CPU
		{E193A393-6047-4FA4-877A-217487C2460A}.Debug|Any CPU.Build.0 = Debug|Any CPU
		{E193A393-6047-4FA4-877A-217487C2460A}.Release|Any CPU.ActiveCfg = Release|Any CPU
		{E193A393-6047-4FA4-877A-217487C2460A}.Release|Any CPU.Build.0 = Release|Any CPU
		{F1B711EB-4EC6-4253-A6C9-24221D707403}.Debug|Any CPU.ActiveCfg = Debug|Any CPU
		{F1B711EB-4EC6-4253-A6C9-24221D707403}.Debug|Any CPU.Build.0 = Debug|Any CPU
		{F1B711EB-4EC6-4253-A6C9-24221D707403}.Release|Any CPU.ActiveCfg = Release|Any CPU
		{F1B711EB-4EC6-4253-A6C9-24221D707403}.Release|Any CPU.Build.0 = Release|Any CPU
		{75C8A1AF-7A7E-47CE-9264-CCB4BB05558B}.Debug|Any CPU.ActiveCfg = Debug|Any CPU
		{75C8A1AF-7A7E-47CE-9264-CCB4BB05558B}.Debug|Any CPU.Build.0 = Debug|Any CPU
		{75C8A1AF-7A7E-47CE-9264-CCB4BB05558B}.Release|Any CPU.ActiveCfg = Release|Any CPU
		{75C8A1AF-7A7E-47CE-9264-CCB4BB05558B}.Release|Any CPU.Build.0 = Release|Any CPU
		{3E116CE8-906F-4D89-930D-7DAD024375EA}.Debug|Any CPU.ActiveCfg = Debug|Any CPU
		{3E116CE8-906F-4D89-930D-7DAD024375EA}.Debug|Any CPU.Build.0 = Debug|Any CPU
		{3E116CE8-906F-4D89-930D-7DAD024375EA}.Release|Any CPU.ActiveCfg = Release|Any CPU
		{3E116CE8-906F-4D89-930D-7DAD024375EA}.Release|Any CPU.Build.0 = Release|Any CPU
		{1D9C8D94-A9ED-4DD5-8394-A577B0B0D868}.Debug|Any CPU.ActiveCfg = Debug|Any CPU
		{1D9C8D94-A9ED-4DD5-8394-A577B0B0D868}.Debug|Any CPU.Build.0 = Debug|Any CPU
		{1D9C8D94-A9ED-4DD5-8394-A577B0B0D868}.Release|Any CPU.ActiveCfg = Release|Any CPU
		{1D9C8D94-A9ED-4DD5-8394-A577B0B0D868}.Release|Any CPU.Build.0 = Release|Any CPU
		{B708CFB4-E9E2-4609-BC9B-270D1A6A9601}.Debug|Any CPU.ActiveCfg = Debug|Any CPU
		{B708CFB4-E9E2-4609-BC9B-270D1A6A9601}.Debug|Any CPU.Build.0 = Debug|Any CPU
		{B708CFB4-E9E2-4609-BC9B-270D1A6A9601}.Release|Any CPU.ActiveCfg = Release|Any CPU
		{B708CFB4-E9E2-4609-BC9B-270D1A6A9601}.Release|Any CPU.Build.0 = Release|Any CPU
	EndGlobalSection
	GlobalSection(SolutionProperties) = preSolution
		HideSolutionNode = FALSE
	EndGlobalSection
	GlobalSection(ExtensibilityGlobals) = postSolution
		SolutionGuid = {B3E51076-91C6-4ADD-A742-6DF011294621}
	EndGlobalSection
EndGlobal
