
Microsoft Visual Studio Solution File, Format Version 12.00
# Visual Studio Version 16
VisualStudioVersion = 16.0.32106.194
MinimumVisualStudioVersion = 10.0.40219.1
Project("{FAE04EC0-301F-11D3-BF4B-00C04F79EFBC}") = "Musatov_3lab(true)", "Musatov_3lab(true)\Musatov_3lab(true).csproj", "{2A8ACE2E-DB55-444D-8897-DE74B7D1CB92}"
EndProject
Global
	GlobalSection(SolutionConfigurationPlatforms) = preSolution
		Debug|Any CPU = Debug|Any CPU
		Release|Any CPU = Release|Any CPU
	EndGlobalSection
	GlobalSection(ProjectConfigurationPlatforms) = postSolution
		{2A8ACE2E-DB55-444D-8897-DE74B7D1CB92}.Debug|Any CPU.ActiveCfg = Debug|Any CPU
		{2A8ACE2E-DB55-444D-8897-DE74B7D1CB92}.Debug|Any CPU.Build.0 = Debug|Any CPU
		{2A8ACE2E-DB55-444D-8897-DE74B7D1CB92}.Release|Any CPU.ActiveCfg = Release|Any CPU
		{2A8ACE2E-DB55-444D-8897-DE74B7D1CB92}.Release|Any CPU.Build.0 = Release|Any CPU
	EndGlobalSection
	GlobalSection(SolutionProperties) = preSolution
		HideSolutionNode = FALSE
	EndGlobalSection
	GlobalSection(ExtensibilityGlobals) = postSolution
		SolutionGuid = {0E7E8721-7C56-4C14-978B-210417C5ECD0}
	EndGlobalSection
EndGlobal
